
Microsoft Visual Studio Solution File, Format Version 12.00
# Visual Studio Version 17
VisualStudioVersion = 17.4.33403.182
MinimumVisualStudioVersion = 10.0.40219.1
Project("{9A19103F-16F7-4668-BE54-9A1E7A4F7556}") = "misc.security", "server\components\misc.security\misc.security.csproj", "{F9A6309A-1321-4AD9-BE3C-B8F53A0DBD9F}"
EndProject
Project("{9A19103F-16F7-4668-BE54-9A1E7A4F7556}") = "database.context.main", "server\components\database.context.main\database.context.main.csproj", "{C56E2E4A-0302-4CC2-8870-DF74D5943134}"
EndProject
Project("{9A19103F-16F7-4668-BE54-9A1E7A4F7556}") = "api.service.logger", "server\api.service.logger\api.service.logger.csproj", "{51FEC4C4-77A2-4669-80EC-279D7653BEBC}"
EndProject
Project("{9A19103F-16F7-4668-BE54-9A1E7A4F7556}") = "database.context.logs", "server\components\database.context.logs\database.context.logs.csproj", "{92BE14FD-8EDE-4827-BBB9-C814DCF22E5B}"
EndProject
Project("{54A90642-561A-4BB1-A94E-469ADEE60C69}") = "client", "client\client.esproj", "{9E65E36A-160B-4AE4-8BC7-1458202E1BDD}"
EndProject
Project("{9A19103F-16F7-4668-BE54-9A1E7A4F7556}") = "api.gateway", "server\api.gateway\api.gateway.csproj", "{3B2A0F1B-DBE1-472D-967F-44CBD089DEE8}"
EndProject
Project("{9A19103F-16F7-4668-BE54-9A1E7A4F7556}") = "api.service.auth", "server\api.service.auth\api.service.auth.csproj", "{F6D7773A-8FF9-4AEB-80CF-4CE5251D74F0}"
EndProject
Project("{9A19103F-16F7-4668-BE54-9A1E7A4F7556}") = "api.service.profile", "server\api.service.profile\api.service.profile.csproj", "{C130CC39-7379-4CAE-965F-E73088FDC8B0}"
EndProject
Project("{9A19103F-16F7-4668-BE54-9A1E7A4F7556}") = "api.service.data", "server\api.service.data\api.service.data.csproj", "{37844B6F-CFA3-42EC-8A6F-A7D162BE5B01}"
EndProject
Global
	GlobalSection(SolutionConfigurationPlatforms) = preSolution
		Debug|Any CPU = Debug|Any CPU
		Release|Any CPU = Release|Any CPU
	EndGlobalSection
	GlobalSection(ProjectConfigurationPlatforms) = postSolution
		{F9A6309A-1321-4AD9-BE3C-B8F53A0DBD9F}.Debug|Any CPU.ActiveCfg = Debug|Any CPU
		{F9A6309A-1321-4AD9-BE3C-B8F53A0DBD9F}.Debug|Any CPU.Build.0 = Debug|Any CPU
		{F9A6309A-1321-4AD9-BE3C-B8F53A0DBD9F}.Release|Any CPU.ActiveCfg = Release|Any CPU
		{F9A6309A-1321-4AD9-BE3C-B8F53A0DBD9F}.Release|Any CPU.Build.0 = Release|Any CPU
		{C56E2E4A-0302-4CC2-8870-DF74D5943134}.Debug|Any CPU.ActiveCfg = Debug|Any CPU
		{C56E2E4A-0302-4CC2-8870-DF74D5943134}.Debug|Any CPU.Build.0 = Debug|Any CPU
		{C56E2E4A-0302-4CC2-8870-DF74D5943134}.Release|Any CPU.ActiveCfg = Release|Any CPU
		{C56E2E4A-0302-4CC2-8870-DF74D5943134}.Release|Any CPU.Build.0 = Release|Any CPU
		{51FEC4C4-77A2-4669-80EC-279D7653BEBC}.Debug|Any CPU.ActiveCfg = Debug|Any CPU
		{51FEC4C4-77A2-4669-80EC-279D7653BEBC}.Debug|Any CPU.Build.0 = Debug|Any CPU
		{51FEC4C4-77A2-4669-80EC-279D7653BEBC}.Release|Any CPU.ActiveCfg = Release|Any CPU
		{51FEC4C4-77A2-4669-80EC-279D7653BEBC}.Release|Any CPU.Build.0 = Release|Any CPU
		{92BE14FD-8EDE-4827-BBB9-C814DCF22E5B}.Debug|Any CPU.ActiveCfg = Debug|Any CPU
		{92BE14FD-8EDE-4827-BBB9-C814DCF22E5B}.Debug|Any CPU.Build.0 = Debug|Any CPU
		{92BE14FD-8EDE-4827-BBB9-C814DCF22E5B}.Release|Any CPU.ActiveCfg = Release|Any CPU
		{92BE14FD-8EDE-4827-BBB9-C814DCF22E5B}.Release|Any CPU.Build.0 = Release|Any CPU
		{9E65E36A-160B-4AE4-8BC7-1458202E1BDD}.Debug|Any CPU.ActiveCfg = Debug|Any CPU
		{9E65E36A-160B-4AE4-8BC7-1458202E1BDD}.Debug|Any CPU.Build.0 = Debug|Any CPU
		{9E65E36A-160B-4AE4-8BC7-1458202E1BDD}.Debug|Any CPU.Deploy.0 = Debug|Any CPU
		{9E65E36A-160B-4AE4-8BC7-1458202E1BDD}.Release|Any CPU.ActiveCfg = Release|Any CPU
		{9E65E36A-160B-4AE4-8BC7-1458202E1BDD}.Release|Any CPU.Build.0 = Release|Any CPU
		{9E65E36A-160B-4AE4-8BC7-1458202E1BDD}.Release|Any CPU.Deploy.0 = Release|Any CPU
		{3B2A0F1B-DBE1-472D-967F-44CBD089DEE8}.Debug|Any CPU.ActiveCfg = Debug|Any CPU
		{3B2A0F1B-DBE1-472D-967F-44CBD089DEE8}.Debug|Any CPU.Build.0 = Debug|Any CPU
		{3B2A0F1B-DBE1-472D-967F-44CBD089DEE8}.Release|Any CPU.ActiveCfg = Release|Any CPU
		{3B2A0F1B-DBE1-472D-967F-44CBD089DEE8}.Release|Any CPU.Build.0 = Release|Any CPU
		{F6D7773A-8FF9-4AEB-80CF-4CE5251D74F0}.Debug|Any CPU.ActiveCfg = Debug|Any CPU
		{F6D7773A-8FF9-4AEB-80CF-4CE5251D74F0}.Debug|Any CPU.Build.0 = Debug|Any CPU
		{F6D7773A-8FF9-4AEB-80CF-4CE5251D74F0}.Release|Any CPU.ActiveCfg = Release|Any CPU
		{F6D7773A-8FF9-4AEB-80CF-4CE5251D74F0}.Release|Any CPU.Build.0 = Release|Any CPU
		{C130CC39-7379-4CAE-965F-E73088FDC8B0}.Debug|Any CPU.ActiveCfg = Debug|Any CPU
		{C130CC39-7379-4CAE-965F-E73088FDC8B0}.Debug|Any CPU.Build.0 = Debug|Any CPU
		{C130CC39-7379-4CAE-965F-E73088FDC8B0}.Release|Any CPU.ActiveCfg = Release|Any CPU
		{C130CC39-7379-4CAE-965F-E73088FDC8B0}.Release|Any CPU.Build.0 = Release|Any CPU
		{37844B6F-CFA3-42EC-8A6F-A7D162BE5B01}.Debug|Any CPU.ActiveCfg = Debug|Any CPU
		{37844B6F-CFA3-42EC-8A6F-A7D162BE5B01}.Debug|Any CPU.Build.0 = Debug|Any CPU
		{37844B6F-CFA3-42EC-8A6F-A7D162BE5B01}.Release|Any CPU.ActiveCfg = Release|Any CPU
		{37844B6F-CFA3-42EC-8A6F-A7D162BE5B01}.Release|Any CPU.Build.0 = Release|Any CPU
	EndGlobalSection
	GlobalSection(SolutionProperties) = preSolution
		HideSolutionNode = FALSE
	EndGlobalSection
	GlobalSection(ExtensibilityGlobals) = postSolution
		SolutionGuid = {DFCC7640-B49E-40BA-80C4-90C91AD6E1DB}
	EndGlobalSection
EndGlobal
